
Microsoft Visual Studio Solution File, Format Version 12.00
# Visual Studio Version 17
VisualStudioVersion = 17.3.32901.215
MinimumVisualStudioVersion = 10.0.40219.1
Project("{9A19103F-16F7-4668-BE54-9A1E7A4F7556}") = "DOTNET_DEMO", "DOTNET_DEMO.csproj", "{387F1C9C-EE25-4E49-A1E4-E03303E2FD8D}"
EndProject
Global
	GlobalSection(SolutionConfigurationPlatforms) = preSolution
		Debug|Any CPU = Debug|Any CPU
		Release|Any CPU = Release|Any CPU
	EndGlobalSection
	GlobalSection(ProjectConfigurationPlatforms) = postSolution
		{387F1C9C-EE25-4E49-A1E4-E03303E2FD8D}.Debug|Any CPU.ActiveCfg = Debug|Any CPU
		{387F1C9C-EE25-4E49-A1E4-E03303E2FD8D}.Debug|Any CPU.Build.0 = Debug|Any CPU
		{387F1C9C-EE25-4E49-A1E4-E03303E2FD8D}.Release|Any CPU.ActiveCfg = Release|Any CPU
		{387F1C9C-EE25-4E49-A1E4-E03303E2FD8D}.Release|Any CPU.Build.0 = Release|Any CPU
	EndGlobalSection
	GlobalSection(SolutionProperties) = preSolution
		HideSolutionNode = FALSE
	EndGlobalSection
	GlobalSection(ExtensibilityGlobals) = postSolution
		SolutionGuid = {32243237-1F71-49D9-98AB-73905405B5E5}
	EndGlobalSection
EndGlobal
